
Microsoft Visual Studio Solution File, Format Version 12.00
# Visual Studio Version 16
VisualStudioVersion = 16.0.33130.400
MinimumVisualStudioVersion = 10.0.40219.1
Project("{FAE04EC0-301F-11D3-BF4B-00C04F79EFBC}") = "SocketChat", "SocketChat\SocketChat.csproj", "{DD6D4B0D-6FE8-4C4A-9284-1C56D284C38E}"
EndProject
Global
	GlobalSection(SolutionConfigurationPlatforms) = preSolution
		Debug|Any CPU = Debug|Any CPU
		Release|Any CPU = Release|Any CPU
	EndGlobalSection
	GlobalSection(ProjectConfigurationPlatforms) = postSolution
		{DD6D4B0D-6FE8-4C4A-9284-1C56D284C38E}.Debug|Any CPU.ActiveCfg = Debug|Any CPU
		{DD6D4B0D-6FE8-4C4A-9284-1C56D284C38E}.Debug|Any CPU.Build.0 = Debug|Any CPU
		{DD6D4B0D-6FE8-4C4A-9284-1C56D284C38E}.Release|Any CPU.ActiveCfg = Release|Any CPU
		{DD6D4B0D-6FE8-4C4A-9284-1C56D284C38E}.Release|Any CPU.Build.0 = Release|Any CPU
	EndGlobalSection
	GlobalSection(SolutionProperties) = preSolution
		HideSolutionNode = FALSE
	EndGlobalSection
	GlobalSection(ExtensibilityGlobals) = postSolution
		SolutionGuid = {D2C58B26-0B41-422B-91F1-F20DB8E44BB2}
	EndGlobalSection
EndGlobal
